
Microsoft Visual Studio Solution File, Format Version 12.00
# Visual Studio 2013
VisualStudioVersion = 12.0.30501.0
MinimumVisualStudioVersion = 10.0.40219.1
Project("{FAE04EC0-301F-11D3-BF4B-00C04F79EFBC}") = "TheWayLearnPSO", "TheWayLearnPSO\TheWayLearnPSO.csproj", "{AF25EE6B-160A-49BA-B2D0-C48D20A28CEF}"
EndProject
Global
	GlobalSection(SolutionConfigurationPlatforms) = preSolution
		Debug|Any CPU = Debug|Any CPU
		Release|Any CPU = Release|Any CPU
	EndGlobalSection
	GlobalSection(ProjectConfigurationPlatforms) = postSolution
		{AF25EE6B-160A-49BA-B2D0-C48D20A28CEF}.Debug|Any CPU.ActiveCfg = Debug|Any CPU
		{AF25EE6B-160A-49BA-B2D0-C48D20A28CEF}.Debug|Any CPU.Build.0 = Debug|Any CPU
		{AF25EE6B-160A-49BA-B2D0-C48D20A28CEF}.Release|Any CPU.ActiveCfg = Release|Any CPU
		{AF25EE6B-160A-49BA-B2D0-C48D20A28CEF}.Release|Any CPU.Build.0 = Release|Any CPU
	EndGlobalSection
	GlobalSection(SolutionProperties) = preSolution
		HideSolutionNode = FALSE
	EndGlobalSection
EndGlobal
